{
  "version": 4,
  "terraform_version": "1.3.6",
  "serial": 189,
  "lineage": "8d4ced36-879a-37dd-c9fa-8242d29ddaeb",
  "outputs": {
    "efs_id": {
      "value": "fs-0e5039531ae91e500",
      "type": "string"
    }
  },
  "resources": [
    {
      "module": "module.alb.module.alb",
      "mode": "managed",
      "type": "aws_lb",
      "name": "this",
      "provider": "provider[\"registry.terraform.io/hashicorp/aws\"]",
      "instances": [
        {
          "index_key": 0,
          "schema_version": 0,
          "attributes": {
            "access_logs": [
              {
                "bucket": "",
                "enabled": false,
                "prefix": ""
              }
            ],
            "arn": "arn:aws:elasticloadbalancing:us-west-1:763192996712:loadbalancer/app/nexus-ecs-alb/b7de990c405d71c1",
            "arn_suffix": "app/nexus-ecs-alb/b7de990c405d71c1",
            "customer_owned_ipv4_pool": "",
            "desync_mitigation_mode": "defensive",
            "dns_name": "nexus-ecs-alb-1963817224.us-west-1.elb.amazonaws.com",
            "drop_invalid_header_fields": false,
            "enable_cross_zone_load_balancing": true,
            "enable_deletion_protection": false,
            "enable_http2": true,
            "enable_waf_fail_open": false,
            "id": "arn:aws:elasticloadbalancing:us-west-1:763192996712:loadbalancer/app/nexus-ecs-alb/b7de990c405d71c1",
            "idle_timeout": 60,
            "internal": false,
            "ip_address_type": "ipv4",
            "load_balancer_type": "application",
            "name": "nexus-ecs-alb",
            "name_prefix": null,
            "preserve_host_header": false,
            "security_groups": [
              "sg-0157eaf9d014bfa5b"
            ],
            "subnet_mapping": [
              {
                "allocation_id": "",
                "ipv6_address": "",
                "outpost_id": "",
                "private_ipv4_address": "",
                "subnet_id": "subnet-d271818a"
              },
              {
                "allocation_id": "",
                "ipv6_address": "",
                "outpost_id": "",
                "private_ipv4_address": "",
                "subnet_id": "subnet-dcda76b8"
              }
            ],
            "subnets": [
              "subnet-d271818a",
              "subnet-dcda76b8"
            ],
            "tags": {
              "Name": "nexus-ecs-alb"
            },
            "tags_all": {
              "Name": "nexus-ecs-alb"
            },
            "timeouts": {
              "create": "10m",
              "delete": "10m",
              "update": "10m"
            },
            "vpc_id": "vpc-16978f73",
            "zone_id": "Z368ELLRRE2KJ0"
          },
          "sensitive_attributes": [],
          "private": "eyJlMmJmYjczMC1lY2FhLTExZTYtOGY4OC0zNDM2M2JjN2M0YzAiOnsiY3JlYXRlIjo2MDAwMDAwMDAwMDAsImRlbGV0ZSI6NjAwMDAwMDAwMDAwLCJ1cGRhdGUiOjYwMDAwMDAwMDAwMH19",
          "dependencies": [
            "module.alb.module.alb_sg.aws_security_group.this",
            "module.alb.module.alb_sg.aws_security_group.this_name_prefix"
          ]
        }
      ]
    },
    {
      "module": "module.alb.module.alb",
      "mode": "managed",
      "type": "aws_lb_listener",
      "name": "frontend_http_tcp",
      "provider": "provider[\"registry.terraform.io/hashicorp/aws\"]",
      "instances": [
        {
          "index_key": 0,
          "schema_version": 0,
          "attributes": {
            "alpn_policy": null,
            "arn": "arn:aws:elasticloadbalancing:us-west-1:763192996712:listener/app/nexus-ecs-alb/b7de990c405d71c1/740a26034627565f",
            "certificate_arn": null,
            "default_action": [
              {
                "authenticate_cognito": [],
                "authenticate_oidc": [],
                "fixed_response": [],
                "forward": [],
                "order": 1,
                "redirect": [],
                "target_group_arn": "arn:aws:elasticloadbalancing:us-west-1:763192996712:targetgroup/tg-nexus/dec3be4c8bdcf28b",
                "type": "forward"
              }
            ],
            "id": "arn:aws:elasticloadbalancing:us-west-1:763192996712:listener/app/nexus-ecs-alb/b7de990c405d71c1/740a26034627565f",
            "load_balancer_arn": "arn:aws:elasticloadbalancing:us-west-1:763192996712:loadbalancer/app/nexus-ecs-alb/b7de990c405d71c1",
            "port": 80,
            "protocol": "HTTP",
            "ssl_policy": "",
            "tags": {},
            "tags_all": {},
            "timeouts": null
          },
          "sensitive_attributes": [],
          "private": "eyJlMmJmYjczMC1lY2FhLTExZTYtOGY4OC0zNDM2M2JjN2M0YzAiOnsicmVhZCI6NjAwMDAwMDAwMDAwfX0=",
          "dependencies": [
            "module.alb.module.alb.aws_lb.this",
            "module.alb.module.alb.aws_lb_target_group.main",
            "module.alb.module.alb_sg.aws_security_group.this",
            "module.alb.module.alb_sg.aws_security_group.this_name_prefix"
          ]
        }
      ]
    },
    {
      "module": "module.alb.module.alb",
      "mode": "managed",
      "type": "aws_lb_target_group",
      "name": "main",
      "provider": "provider[\"registry.terraform.io/hashicorp/aws\"]",
      "instances": [
        {
          "index_key": 0,
          "schema_version": 0,
          "attributes": {
            "arn": "arn:aws:elasticloadbalancing:us-west-1:763192996712:targetgroup/tg-nexus/dec3be4c8bdcf28b",
            "arn_suffix": "targetgroup/tg-nexus/dec3be4c8bdcf28b",
            "connection_termination": false,
            "deregistration_delay": "120",
            "health_check": [
              {
                "enabled": true,
                "healthy_threshold": 3,
                "interval": 30,
                "matcher": "200-299",
                "path": "/",
                "port": "traffic-port",
                "protocol": "HTTP",
                "timeout": 5,
                "unhealthy_threshold": 3
              }
            ],
            "id": "arn:aws:elasticloadbalancing:us-west-1:763192996712:targetgroup/tg-nexus/dec3be4c8bdcf28b",
            "ip_address_type": "ipv4",
            "lambda_multi_value_headers_enabled": false,
            "load_balancing_algorithm_type": "round_robin",
            "name": "tg-nexus",
            "name_prefix": null,
            "port": 8081,
            "preserve_client_ip": null,
            "protocol": "HTTP",
            "protocol_version": "HTTP1",
            "proxy_protocol_v2": false,
            "slow_start": 0,
            "stickiness": [
              {
                "cookie_duration": 86400,
                "cookie_name": "",
                "enabled": false,
                "type": "lb_cookie"
              }
            ],
            "tags": {
              "Name": "tg-nexus"
            },
            "tags_all": {
              "Name": "tg-nexus"
            },
            "target_failover": [
              {
                "on_deregistration": null,
                "on_unhealthy": null
              }
            ],
            "target_type": "ip",
            "vpc_id": "vpc-16978f73"
          },
          "sensitive_attributes": [],
          "private": "bnVsbA==",
          "create_before_destroy": true
        }
      ]
    },
    {
      "module": "module.alb.module.alb_sg",
      "mode": "managed",
      "type": "aws_security_group",
      "name": "this_name_prefix",
      "provider": "provider[\"registry.terraform.io/hashicorp/aws\"]",
      "instances": [
        {
          "index_key": 0,
          "schema_version": 1,
          "attributes": {
            "arn": "arn:aws:ec2:us-west-1:763192996712:security-group/sg-0157eaf9d014bfa5b",
            "description": "ALB security group",
            "egress": [
              {
                "cidr_blocks": [
                  "0.0.0.0/0"
                ],
                "description": "All protocols",
                "from_port": 0,
                "ipv6_cidr_blocks": [
                  "::/0"
                ],
                "prefix_list_ids": [],
                "protocol": "-1",
                "security_groups": [],
                "self": false,
                "to_port": 0
              }
            ],
            "id": "sg-0157eaf9d014bfa5b",
            "ingress": [
              {
                "cidr_blocks": [
                  "0.0.0.0/0"
                ],
                "description": "HTTP",
                "from_port": 80,
                "ipv6_cidr_blocks": [],
                "prefix_list_ids": [],
                "protocol": "tcp",
                "security_groups": [],
                "self": false,
                "to_port": 80
              },
              {
                "cidr_blocks": [
                  "0.0.0.0/0"
                ],
                "description": "HTTPS",
                "from_port": 443,
                "ipv6_cidr_blocks": [],
                "prefix_list_ids": [],
                "protocol": "tcp",
                "security_groups": [],
                "self": false,
                "to_port": 443
              }
            ],
            "name": "nexus-ecs-alb-sg-20230122185412165300000001",
            "name_prefix": "nexus-ecs-alb-sg-",
            "owner_id": "763192996712",
            "revoke_rules_on_delete": false,
            "tags": {
              "Name": "nexus-ecs-alb-sg"
            },
            "tags_all": {
              "Name": "nexus-ecs-alb-sg"
            },
            "timeouts": {
              "create": "10m",
              "delete": "15m"
            },
            "vpc_id": "vpc-16978f73"
          },
          "sensitive_attributes": [],
          "private": "eyJlMmJmYjczMC1lY2FhLTExZTYtOGY4OC0zNDM2M2JjN2M0YzAiOnsiY3JlYXRlIjo2MDAwMDAwMDAwMDAsImRlbGV0ZSI6OTAwMDAwMDAwMDAwfSwic2NoZW1hX3ZlcnNpb24iOiIxIn0=",
          "create_before_destroy": true
        }
      ]
    },
    {
      "module": "module.alb.module.alb_sg",
      "mode": "managed",
      "type": "aws_security_group_rule",
      "name": "egress_rules",
      "provider": "provider[\"registry.terraform.io/hashicorp/aws\"]",
      "instances": [
        {
          "index_key": 0,
          "schema_version": 2,
          "attributes": {
            "cidr_blocks": [
              "0.0.0.0/0"
            ],
            "description": "All protocols",
            "from_port": 0,
            "id": "sgrule-2010133333",
            "ipv6_cidr_blocks": [
              "::/0"
            ],
            "prefix_list_ids": [],
            "protocol": "-1",
            "security_group_id": "sg-0157eaf9d014bfa5b",
            "security_group_rule_id": "",
            "self": false,
            "source_security_group_id": null,
            "timeouts": null,
            "to_port": 0,
            "type": "egress"
          },
          "sensitive_attributes": [],
          "private": "eyJlMmJmYjczMC1lY2FhLTExZTYtOGY4OC0zNDM2M2JjN2M0YzAiOnsiY3JlYXRlIjozMDAwMDAwMDAwMDB9LCJzY2hlbWFfdmVyc2lvbiI6IjIifQ==",
          "dependencies": [
            "module.alb.module.alb_sg.aws_security_group.this",
            "module.alb.module.alb_sg.aws_security_group.this_name_prefix"
          ]
        }
      ]
    },
    {
      "module": "module.alb.module.alb_sg",
      "mode": "managed",
      "type": "aws_security_group_rule",
      "name": "ingress_rules",
      "provider": "provider[\"registry.terraform.io/hashicorp/aws\"]",
      "instances": [
        {
          "index_key": 0,
          "schema_version": 2,
          "attributes": {
            "cidr_blocks": [
              "0.0.0.0/0"
            ],
            "description": "HTTP",
            "from_port": 80,
            "id": "sgrule-1693635751",
            "ipv6_cidr_blocks": [],
            "prefix_list_ids": [],
            "protocol": "tcp",
            "security_group_id": "sg-0157eaf9d014bfa5b",
            "security_group_rule_id": "sgr-070b4a834607f50d5",
            "self": false,
            "source_security_group_id": null,
            "timeouts": null,
            "to_port": 80,
            "type": "ingress"
          },
          "sensitive_attributes": [],
          "private": "eyJlMmJmYjczMC1lY2FhLTExZTYtOGY4OC0zNDM2M2JjN2M0YzAiOnsiY3JlYXRlIjozMDAwMDAwMDAwMDB9LCJzY2hlbWFfdmVyc2lvbiI6IjIifQ==",
          "dependencies": [
            "module.alb.module.alb_sg.aws_security_group.this",
            "module.alb.module.alb_sg.aws_security_group.this_name_prefix"
          ]
        },
        {
          "index_key": 1,
          "schema_version": 2,
          "attributes": {
            "cidr_blocks": [
              "0.0.0.0/0"
            ],
            "description": "HTTPS",
            "from_port": 443,
            "id": "sgrule-3336256227",
            "ipv6_cidr_blocks": [],
            "prefix_list_ids": [],
            "protocol": "tcp",
            "security_group_id": "sg-0157eaf9d014bfa5b",
            "security_group_rule_id": "sgr-047ab73f71294e5d5",
            "self": false,
            "source_security_group_id": null,
            "timeouts": null,
            "to_port": 443,
            "type": "ingress"
          },
          "sensitive_attributes": [],
          "private": "eyJlMmJmYjczMC1lY2FhLTExZTYtOGY4OC0zNDM2M2JjN2M0YzAiOnsiY3JlYXRlIjozMDAwMDAwMDAwMDB9LCJzY2hlbWFfdmVyc2lvbiI6IjIifQ==",
          "dependencies": [
            "module.alb.module.alb_sg.aws_security_group.this",
            "module.alb.module.alb_sg.aws_security_group.this_name_prefix"
          ]
        }
      ]
    },
    {
      "module": "module.container_definition.module.cloudwatch_log_group",
      "mode": "managed",
      "type": "aws_cloudwatch_log_group",
      "name": "this",
      "provider": "provider[\"registry.terraform.io/hashicorp/aws\"]",
      "instances": [
        {
          "index_key": 0,
          "schema_version": 0,
          "attributes": {
            "arn": "arn:aws:logs:us-west-1:763192996712:log-group:nexus-ecs-log-group",
            "id": "nexus-ecs-log-group",
            "kms_key_id": "",
            "name": "nexus-ecs-log-group",
            "name_prefix": "",
            "retention_in_days": 7,
            "skip_destroy": false,
            "tags": {},
            "tags_all": {}
          },
          "sensitive_attributes": [],
          "private": "bnVsbA=="
        }
      ]
    },
    {
      "module": "module.ecs_cluster.module.ecs",
      "mode": "managed",
      "type": "aws_ecs_cluster",
      "name": "this",
      "provider": "provider[\"registry.terraform.io/hashicorp/aws\"]",
      "instances": [
        {
          "index_key": 0,
          "schema_version": 0,
          "attributes": {
            "arn": "arn:aws:ecs:us-west-1:763192996712:cluster/nexus-ecs-cluster",
            "capacity_providers": [
              "FARGATE",
              "FARGATE_SPOT"
            ],
            "configuration": [],
            "default_capacity_provider_strategy": [
              {
                "base": 0,
                "capacity_provider": "FARGATE",
                "weight": 0
              }
            ],
            "id": "arn:aws:ecs:us-west-1:763192996712:cluster/nexus-ecs-cluster",
            "name": "nexus-ecs-cluster",
            "service_connect_defaults": [],
            "setting": [
              {
                "name": "containerInsights",
                "value": "enabled"
              }
            ],
            "tags": {
              "environment": "dev",
              "managed_by": "Terraform",
              "project_name": "nexus"
            },
            "tags_all": {
              "environment": "dev",
              "managed_by": "Terraform",
              "project_name": "nexus"
            }
          },
          "sensitive_attributes": [],
          "private": "bnVsbA=="
        }
      ]
    },
    {
      "module": "module.ecs_cluster.module.ecs",
      "mode": "managed",
      "type": "aws_ecs_cluster_capacity_providers",
      "name": "this",
      "provider": "provider[\"registry.terraform.io/hashicorp/aws\"]",
      "instances": [
        {
          "index_key": 0,
          "schema_version": 0,
          "attributes": {
            "capacity_providers": [
              "FARGATE",
              "FARGATE_SPOT"
            ],
            "cluster_name": "nexus-ecs-cluster",
            "default_capacity_provider_strategy": [
              {
                "base": 0,
                "capacity_provider": "FARGATE",
                "weight": 0
              }
            ],
            "id": "nexus-ecs-cluster"
          },
          "sensitive_attributes": [],
          "private": "bnVsbA==",
          "dependencies": [
            "module.ecs_cluster.module.ecs.aws_ecs_cluster.this"
          ]
        }
      ]
    },
    {
      "module": "module.efs",
      "mode": "managed",
      "type": "aws_efs_access_point",
      "name": "test",
      "provider": "provider[\"registry.terraform.io/hashicorp/aws\"]",
      "instances": [
        {
          "schema_version": 0,
          "attributes": {
            "arn": "arn:aws:elasticfilesystem:us-west-1:763192996712:access-point/fsap-0fd1841da67f07dbe",
            "file_system_arn": "arn:aws:elasticfilesystem:us-west-1:763192996712:file-system/fs-0e5039531ae91e500",
            "file_system_id": "fs-0e5039531ae91e500",
            "id": "fsap-0fd1841da67f07dbe",
            "owner_id": "763192996712",
            "posix_user": [],
            "root_directory": [
              {
                "creation_info": [],
                "path": "/"
              }
            ],
            "tags": {},
            "tags_all": {}
          },
          "sensitive_attributes": [],
          "private": "bnVsbA==",
          "dependencies": [
            "module.efs.aws_efs_file_system.efs"
          ]
        }
      ]
    },
    {
      "module": "module.efs",
      "mode": "managed",
      "type": "aws_efs_file_system",
      "name": "efs",
      "provider": "provider[\"registry.terraform.io/hashicorp/aws\"]",
      "instances": [
        {
          "schema_version": 0,
          "attributes": {
            "arn": "arn:aws:elasticfilesystem:us-west-1:763192996712:file-system/fs-0e5039531ae91e500",
            "availability_zone_id": "",
            "availability_zone_name": "",
            "creation_token": "nexus-efs",
            "dns_name": "fs-0e5039531ae91e500.efs.us-west-1.amazonaws.com",
            "encrypted": false,
            "id": "fs-0e5039531ae91e500",
            "kms_key_id": "",
            "lifecycle_policy": [],
            "number_of_mount_targets": 2,
            "owner_id": "763192996712",
            "performance_mode": "generalPurpose",
            "provisioned_throughput_in_mibps": 0,
            "size_in_bytes": [
              {
                "value": 6144,
                "value_in_ia": 0,
                "value_in_standard": 6144
              }
            ],
            "tags": {
              "environment": "dev",
              "managed_by": "Terraform",
              "project_name": "nexus"
            },
            "tags_all": {
              "environment": "dev",
              "managed_by": "Terraform",
              "project_name": "nexus"
            },
            "throughput_mode": "bursting"
          },
          "sensitive_attributes": [],
          "private": "bnVsbA=="
        }
      ]
    },
    {
      "module": "module.efs",
      "mode": "managed",
      "type": "aws_efs_mount_target",
      "name": "one",
      "provider": "provider[\"registry.terraform.io/hashicorp/aws\"]",
      "instances": [
        {
          "schema_version": 0,
          "attributes": {
            "availability_zone_id": "usw1-az3",
            "availability_zone_name": "us-west-1b",
            "dns_name": "fs-0e5039531ae91e500.efs.us-west-1.amazonaws.com",
            "file_system_arn": "arn:aws:elasticfilesystem:us-west-1:763192996712:file-system/fs-0e5039531ae91e500",
            "file_system_id": "fs-0e5039531ae91e500",
            "id": "fsmt-083c8c31204b9e6db",
            "ip_address": "172.31.8.181",
            "mount_target_dns_name": "us-west-1b.fs-0e5039531ae91e500.efs.us-west-1.amazonaws.com",
            "network_interface_id": "eni-096247cde3809a19a",
            "owner_id": "763192996712",
            "security_groups": [
              "sg-072c9ade38d5d1c3f"
            ],
            "subnet_id": "subnet-d271818a"
          },
          "sensitive_attributes": [],
          "private": "bnVsbA==",
          "dependencies": [
            "module.efs.aws_efs_file_system.efs",
            "module.efs.aws_security_group.this"
          ]
        }
      ]
    },
    {
      "module": "module.efs",
      "mode": "managed",
      "type": "aws_efs_mount_target",
      "name": "two",
      "provider": "provider[\"registry.terraform.io/hashicorp/aws\"]",
      "instances": [
        {
          "schema_version": 0,
          "attributes": {
            "availability_zone_id": "usw1-az1",
            "availability_zone_name": "us-west-1c",
            "dns_name": "fs-0e5039531ae91e500.efs.us-west-1.amazonaws.com",
            "file_system_arn": "arn:aws:elasticfilesystem:us-west-1:763192996712:file-system/fs-0e5039531ae91e500",
            "file_system_id": "fs-0e5039531ae91e500",
            "id": "fsmt-0dfce95b70c5f8e62",
            "ip_address": "172.31.28.36",
            "mount_target_dns_name": "us-west-1c.fs-0e5039531ae91e500.efs.us-west-1.amazonaws.com",
            "network_interface_id": "eni-0d18b651d4fe6fa13",
            "owner_id": "763192996712",
            "security_groups": [
              "sg-072c9ade38d5d1c3f"
            ],
            "subnet_id": "subnet-dcda76b8"
          },
          "sensitive_attributes": [],
          "private": "bnVsbA==",
          "dependencies": [
            "module.efs.aws_efs_file_system.efs",
            "module.efs.aws_security_group.this"
          ]
        }
      ]
    },
    {
      "module": "module.efs",
      "mode": "managed",
      "type": "aws_security_group",
      "name": "this",
      "provider": "provider[\"registry.terraform.io/hashicorp/aws\"]",
      "instances": [
        {
          "schema_version": 1,
          "attributes": {
            "arn": "arn:aws:ec2:us-west-1:763192996712:security-group/sg-072c9ade38d5d1c3f",
            "description": "Managed by Terraform",
            "egress": [],
            "id": "sg-072c9ade38d5d1c3f",
            "ingress": [
              {
                "cidr_blocks": [
                  "0.0.0.0/0"
                ],
                "description": "",
                "from_port": 2049,
                "ipv6_cidr_blocks": [],
                "prefix_list_ids": [],
                "protocol": "tcp",
                "security_groups": [],
                "self": false,
                "to_port": 2049
              }
            ],
            "name": "nexus-efs-sg",
            "name_prefix": "",
            "owner_id": "763192996712",
            "revoke_rules_on_delete": false,
            "tags": {
              "environment": "dev",
              "managed_by": "Terraform",
              "project_name": "nexus"
            },
            "tags_all": {
              "environment": "dev",
              "managed_by": "Terraform",
              "project_name": "nexus"
            },
            "timeouts": null,
            "vpc_id": "vpc-16978f73"
          },
          "sensitive_attributes": [],
          "private": "eyJlMmJmYjczMC1lY2FhLTExZTYtOGY4OC0zNDM2M2JjN2M0YzAiOnsiY3JlYXRlIjo2MDAwMDAwMDAwMDAsImRlbGV0ZSI6OTAwMDAwMDAwMDAwfSwic2NoZW1hX3ZlcnNpb24iOiIxIn0="
        }
      ]
    },
    {
      "module": "module.efs",
      "mode": "managed",
      "type": "aws_security_group_rule",
      "name": "this",
      "provider": "provider[\"registry.terraform.io/hashicorp/aws\"]",
      "instances": [
        {
          "schema_version": 2,
          "attributes": {
            "cidr_blocks": [
              "0.0.0.0/0"
            ],
            "description": "",
            "from_port": 2049,
            "id": "sgrule-394181944",
            "ipv6_cidr_blocks": null,
            "prefix_list_ids": null,
            "protocol": "tcp",
            "security_group_id": "sg-072c9ade38d5d1c3f",
            "security_group_rule_id": "sgr-017c50694f2dd3cad",
            "self": false,
            "source_security_group_id": null,
            "timeouts": null,
            "to_port": 2049,
            "type": "ingress"
          },
          "sensitive_attributes": [],
          "private": "eyJlMmJmYjczMC1lY2FhLTExZTYtOGY4OC0zNDM2M2JjN2M0YzAiOnsiY3JlYXRlIjozMDAwMDAwMDAwMDB9LCJzY2hlbWFfdmVyc2lvbiI6IjIifQ==",
          "dependencies": [
            "module.efs.aws_security_group.this"
          ]
        }
      ]
    },
    {
      "module": "module.task_and_service",
      "mode": "managed",
      "type": "aws_cloudwatch_metric_alarm",
      "name": "scale-down",
      "provider": "provider[\"registry.terraform.io/hashicorp/aws\"]",
      "instances": [
        {
          "schema_version": 1,
          "attributes": {
            "actions_enabled": true,
            "alarm_actions": [
              "arn:aws:autoscaling:us-west-1:763192996712:scalingPolicy:20ec0556-35bc-43dd-bc94-0490cb085bc8:resource/ecs/service/nexus-ecs-cluster/nexus-ecs-service:policyName/nexus-nexus-nexus-autoscaling-down"
            ],
            "alarm_description": "This metric monitors ecs cpu utilization",
            "alarm_name": "biopace-scale-down-alarm",
            "arn": "arn:aws:cloudwatch:us-west-1:763192996712:alarm:biopace-scale-down-alarm",
            "comparison_operator": "LessThanOrEqualToThreshold",
            "datapoints_to_alarm": 0,
            "dimensions": {
              "ClusterName": "nexus-ecs-cluster",
              "ServiceName": "nexus-ecs-service"
            },
            "evaluate_low_sample_count_percentiles": "",
            "evaluation_periods": 1,
            "extended_statistic": "",
            "id": "biopace-scale-down-alarm",
            "insufficient_data_actions": [],
            "metric_name": "CPUUtilization",
            "metric_query": [],
            "namespace": "AWS/ECS",
            "ok_actions": [],
            "period": 60,
            "statistic": "Average",
            "tags": {},
            "tags_all": {},
            "threshold": 20,
            "threshold_metric_id": "",
            "treat_missing_data": "missing",
            "unit": ""
          },
          "sensitive_attributes": [],
          "private": "eyJzY2hlbWFfdmVyc2lvbiI6IjEifQ==",
          "dependencies": [
            "module.alb.module.alb.aws_lb_target_group.main",
            "module.container_definition.module.cloudwatch_log_group.aws_cloudwatch_log_group.this",
            "module.ecs_cluster.module.ecs.aws_ecs_cluster.this",
            "module.efs.aws_efs_access_point.test",
            "module.efs.aws_efs_file_system.efs",
            "module.task_and_service.module.ecs_alb_service_task.aws_ecs_service.default",
            "module.task_and_service.module.ecs_alb_service_task.aws_ecs_service.ignore_changes_desired_count",
            "module.task_and_service.module.ecs_alb_service_task.aws_ecs_service.ignore_changes_task_definition",
            "module.task_and_service.module.ecs_alb_service_task.aws_ecs_service.ignore_changes_task_definition_and_desired_count",
            "module.task_and_service.module.ecs_alb_service_task.aws_ecs_task_definition.default",
            "module.task_and_service.module.ecs_alb_service_task.aws_iam_role.ecs_exec",
            "module.task_and_service.module.ecs_alb_service_task.aws_iam_role.ecs_service",
            "module.task_and_service.module.ecs_alb_service_task.aws_iam_role.ecs_task",
            "module.task_and_service.module.ecs_alb_service_task.aws_security_group.ecs_service",
            "module.task_and_service.module.ecs_alb_service_task.data.aws_iam_policy_document.ecs_service",
            "module.task_and_service.module.ecs_alb_service_task.data.aws_iam_policy_document.ecs_task",
            "module.task_and_service.module.ecs_alb_service_task.data.aws_iam_policy_document.ecs_task_exec",
            "module.task_and_service.module.ecs_cloudwatch_autoscaling.aws_appautoscaling_policy.down"
          ]
        }
      ]
    },
    {
      "module": "module.task_and_service",
      "mode": "managed",
      "type": "aws_cloudwatch_metric_alarm",
      "name": "scale-up",
      "provider": "provider[\"registry.terraform.io/hashicorp/aws\"]",
      "instances": [
        {
          "schema_version": 1,
          "attributes": {
            "actions_enabled": true,
            "alarm_actions": [
              "arn:aws:autoscaling:us-west-1:763192996712:scalingPolicy:20ec0556-35bc-43dd-bc94-0490cb085bc8:resource/ecs/service/nexus-ecs-cluster/nexus-ecs-service:policyName/nexus-nexus-nexus-autoscaling-up"
            ],
            "alarm_description": "This metric monitors ecs cpu utilization",
            "alarm_name": "nexus-scale-up-alarm",
            "arn": "arn:aws:cloudwatch:us-west-1:763192996712:alarm:nexus-scale-up-alarm",
            "comparison_operator": "GreaterThanOrEqualToThreshold",
            "datapoints_to_alarm": 0,
            "dimensions": {
              "ClusterName": "nexus-ecs-cluster",
              "ServiceName": "nexus-ecs-service"
            },
            "evaluate_low_sample_count_percentiles": "",
            "evaluation_periods": 1,
            "extended_statistic": "",
            "id": "nexus-scale-up-alarm",
            "insufficient_data_actions": [],
            "metric_name": "CPUUtilization",
            "metric_query": [],
            "namespace": "AWS/ECS",
            "ok_actions": [],
            "period": 60,
            "statistic": "Average",
            "tags": {},
            "tags_all": {},
            "threshold": 80,
            "threshold_metric_id": "",
            "treat_missing_data": "missing",
            "unit": ""
          },
          "sensitive_attributes": [],
          "private": "eyJzY2hlbWFfdmVyc2lvbiI6IjEifQ==",
          "dependencies": [
            "module.alb.module.alb.aws_lb_target_group.main",
            "module.container_definition.module.cloudwatch_log_group.aws_cloudwatch_log_group.this",
            "module.ecs_cluster.module.ecs.aws_ecs_cluster.this",
            "module.efs.aws_efs_access_point.test",
            "module.efs.aws_efs_file_system.efs",
            "module.task_and_service.module.ecs_alb_service_task.aws_ecs_service.default",
            "module.task_and_service.module.ecs_alb_service_task.aws_ecs_service.ignore_changes_desired_count",
            "module.task_and_service.module.ecs_alb_service_task.aws_ecs_service.ignore_changes_task_definition",
            "module.task_and_service.module.ecs_alb_service_task.aws_ecs_service.ignore_changes_task_definition_and_desired_count",
            "module.task_and_service.module.ecs_alb_service_task.aws_ecs_task_definition.default",
            "module.task_and_service.module.ecs_alb_service_task.aws_iam_role.ecs_exec",
            "module.task_and_service.module.ecs_alb_service_task.aws_iam_role.ecs_service",
            "module.task_and_service.module.ecs_alb_service_task.aws_iam_role.ecs_task",
            "module.task_and_service.module.ecs_alb_service_task.aws_security_group.ecs_service",
            "module.task_and_service.module.ecs_alb_service_task.data.aws_iam_policy_document.ecs_service",
            "module.task_and_service.module.ecs_alb_service_task.data.aws_iam_policy_document.ecs_task",
            "module.task_and_service.module.ecs_alb_service_task.data.aws_iam_policy_document.ecs_task_exec",
            "module.task_and_service.module.ecs_cloudwatch_autoscaling.aws_appautoscaling_policy.up"
          ]
        }
      ]
    },
    {
      "module": "module.task_and_service",
      "mode": "managed",
      "type": "aws_iam_policy",
      "name": "policy",
      "provider": "provider[\"registry.terraform.io/hashicorp/aws\"]",
      "instances": [
        {
          "schema_version": 0,
          "attributes": {
            "arn": "arn:aws:iam::763192996712:policy/nexus-ecs-policy",
            "description": "",
            "id": "arn:aws:iam::763192996712:policy/nexus-ecs-policy",
            "name": "nexus-ecs-policy",
            "name_prefix": null,
            "path": "/",
            "policy": "{\"Statement\":[{\"Action\":[\"efs:*\",\"ecr:*\",\"ec2:DescribeTags\",\"ecs:DeregisterContainerInstance\",\"ecs:DiscoverPollEndpoint\",\"ecs:Poll\",\"ecs:RegisterContainerInstance\",\"ecs:StartTelemetrySession\",\"ecs:UpdateContainerInstancesState\",\"ecs:Submit*\",\"logs:CreateLogGroup\",\"logs:CreateLogStream\",\"logs:PutLogEvents\",\"application-autoscaling:*\",\"ecs:DescribeServices\",\"ecs:UpdateService\",\"ecs:ExecuteCommand\",\"cloudwatch:DescribeAlarms\",\"cloudwatch:PutMetricAlarm\",\"cloudwatch:DeleteAlarms\",\"cloudwatch:DescribeAlarmHistory\",\"cloudwatch:DescribeAlarms\",\"cloudwatch:DescribeAlarmsForMetric\",\"cloudwatch:GetMetricStatistics\",\"cloudwatch:ListMetrics\",\"cloudwatch:PutMetricAlarm\",\"cloudwatch:DisableAlarmActions\",\"cloudwatch:EnableAlarmActions\",\"iam:CreateServiceLinkedRole\",\"ecr:*\",\"ssmmessages:CreateControlChannel\",\"ssmmessages:CreateDataChannel\",\"ssmmessages:OpenControlChannel\",\"ssmmessages:OpenDataChannel\"],\"Effect\":\"Allow\",\"Resource\":[\"*\"]}],\"Version\":\"2012-10-17\"}",
            "policy_id": "ANPA3DMOY6NUMACRAPQE4",
            "tags": {},
            "tags_all": {}
          },
          "sensitive_attributes": [],
          "private": "bnVsbA=="
        }
      ]
    },
    {
      "module": "module.task_and_service.module.ecs_alb_service_task",
      "mode": "data",
      "type": "aws_iam_policy_document",
      "name": "ecs_exec",
      "provider": "provider[\"registry.terraform.io/hashicorp/aws\"]",
      "instances": [
        {
          "index_key": 0,
          "schema_version": 0,
          "attributes": {
            "id": "815897024",
            "json": "{\n  \"Version\": \"2012-10-17\",\n  \"Statement\": [\n    {\n      \"Sid\": \"\",\n      \"Effect\": \"Allow\",\n      \"Action\": [\n        \"ssm:GetParameters\",\n        \"logs:PutLogEvents\",\n        \"logs:CreateLogStream\",\n        \"logs:CreateLogGroup\",\n        \"ecr:GetDownloadUrlForLayer\",\n        \"ecr:GetAuthorizationToken\",\n        \"ecr:BatchGetImage\",\n        \"ecr:BatchCheckLayerAvailability\"\n      ],\n      \"Resource\": \"*\"\n    }\n  ]\n}",
            "override_json": null,
            "override_policy_documents": null,
            "policy_id": null,
            "source_json": null,
            "source_policy_documents": null,
            "statement": [
              {
                "actions": [
                  "ecr:BatchCheckLayerAvailability",
                  "ecr:BatchGetImage",
                  "ecr:GetAuthorizationToken",
                  "ecr:GetDownloadUrlForLayer",
                  "logs:CreateLogGroup",
                  "logs:CreateLogStream",
                  "logs:PutLogEvents",
                  "ssm:GetParameters"
                ],
                "condition": [],
                "effect": "Allow",
                "not_actions": [],
                "not_principals": [],
                "not_resources": [],
                "principals": [],
                "resources": [
                  "*"
                ],
                "sid": ""
              }
            ],
            "version": "2012-10-17"
          },
          "sensitive_attributes": []
        }
      ]
    },
    {
      "module": "module.task_and_service.module.ecs_alb_service_task",
      "mode": "data",
      "type": "aws_iam_policy_document",
      "name": "ecs_service",
      "provider": "provider[\"registry.terraform.io/hashicorp/aws\"]",
      "instances": [
        {
          "index_key": 0,
          "schema_version": 0,
          "attributes": {
            "id": "3622649364",
            "json": "{\n  \"Version\": \"2012-10-17\",\n  \"Statement\": [\n    {\n      \"Sid\": \"\",\n      \"Effect\": \"Allow\",\n      \"Action\": \"sts:AssumeRole\",\n      \"Principal\": {\n        \"Service\": \"ecs.amazonaws.com\"\n      }\n    }\n  ]\n}",
            "override_json": null,
            "override_policy_documents": null,
            "policy_id": null,
            "source_json": null,
            "source_policy_documents": null,
            "statement": [
              {
                "actions": [
                  "sts:AssumeRole"
                ],
                "condition": [],
                "effect": "Allow",
                "not_actions": [],
                "not_principals": [],
                "not_resources": [],
                "principals": [
                  {
                    "identifiers": [
                      "ecs.amazonaws.com"
                    ],
                    "type": "Service"
                  }
                ],
                "resources": [],
                "sid": ""
              }
            ],
            "version": "2012-10-17"
          },
          "sensitive_attributes": []
        }
      ]
    },
    {
      "module": "module.task_and_service.module.ecs_alb_service_task",
      "mode": "data",
      "type": "aws_iam_policy_document",
      "name": "ecs_ssm_exec",
      "provider": "provider[\"registry.terraform.io/hashicorp/aws\"]",
      "instances": [
        {
          "index_key": 0,
          "schema_version": 0,
          "attributes": {
            "id": "2177423719",
            "json": "{\n  \"Version\": \"2012-10-17\",\n  \"Statement\": [\n    {\n      \"Sid\": \"\",\n      \"Effect\": \"Allow\",\n      \"Action\": [\n        \"ssmmessages:OpenDataChannel\",\n        \"ssmmessages:OpenControlChannel\",\n        \"ssmmessages:CreateDataChannel\",\n        \"ssmmessages:CreateControlChannel\"\n      ],\n      \"Resource\": \"*\"\n    }\n  ]\n}",
            "override_json": null,
            "override_policy_documents": null,
            "policy_id": null,
            "source_json": null,
            "source_policy_documents": null,
            "statement": [
              {
                "actions": [
                  "ssmmessages:CreateControlChannel",
                  "ssmmessages:CreateDataChannel",
                  "ssmmessages:OpenControlChannel",
                  "ssmmessages:OpenDataChannel"
                ],
                "condition": [],
                "effect": "Allow",
                "not_actions": [],
                "not_principals": [],
                "not_resources": [],
                "principals": [],
                "resources": [
                  "*"
                ],
                "sid": ""
              }
            ],
            "version": "2012-10-17"
          },
          "sensitive_attributes": []
        }
      ]
    },
    {
      "module": "module.task_and_service.module.ecs_alb_service_task",
      "mode": "data",
      "type": "aws_iam_policy_document",
      "name": "ecs_task",
      "provider": "provider[\"registry.terraform.io/hashicorp/aws\"]",
      "instances": [
        {
          "index_key": 0,
          "schema_version": 0,
          "attributes": {
            "id": "320642683",
            "json": "{\n  \"Version\": \"2012-10-17\",\n  \"Statement\": [\n    {\n      \"Sid\": \"\",\n      \"Effect\": \"Allow\",\n      \"Action\": \"sts:AssumeRole\",\n      \"Principal\": {\n        \"Service\": \"ecs-tasks.amazonaws.com\"\n      }\n    }\n  ]\n}",
            "override_json": null,
            "override_policy_documents": null,
            "policy_id": null,
            "source_json": null,
            "source_policy_documents": null,
            "statement": [
              {
                "actions": [
                  "sts:AssumeRole"
                ],
                "condition": [],
                "effect": "Allow",
                "not_actions": [],
                "not_principals": [],
                "not_resources": [],
                "principals": [
                  {
                    "identifiers": [
                      "ecs-tasks.amazonaws.com"
                    ],
                    "type": "Service"
                  }
                ],
                "resources": [],
                "sid": ""
              }
            ],
            "version": "2012-10-17"
          },
          "sensitive_attributes": []
        }
      ]
    },
    {
      "module": "module.task_and_service.module.ecs_alb_service_task",
      "mode": "data",
      "type": "aws_iam_policy_document",
      "name": "ecs_task_exec",
      "provider": "provider[\"registry.terraform.io/hashicorp/aws\"]",
      "instances": [
        {
          "index_key": 0,
          "schema_version": 0,
          "attributes": {
            "id": "320642683",
            "json": "{\n  \"Version\": \"2012-10-17\",\n  \"Statement\": [\n    {\n      \"Sid\": \"\",\n      \"Effect\": \"Allow\",\n      \"Action\": \"sts:AssumeRole\",\n      \"Principal\": {\n        \"Service\": \"ecs-tasks.amazonaws.com\"\n      }\n    }\n  ]\n}",
            "override_json": null,
            "override_policy_documents": null,
            "policy_id": null,
            "source_json": null,
            "source_policy_documents": null,
            "statement": [
              {
                "actions": [
                  "sts:AssumeRole"
                ],
                "condition": [],
                "effect": "Allow",
                "not_actions": [],
                "not_principals": [],
                "not_resources": [],
                "principals": [
                  {
                    "identifiers": [
                      "ecs-tasks.amazonaws.com"
                    ],
                    "type": "Service"
                  }
                ],
                "resources": [],
                "sid": ""
              }
            ],
            "version": "2012-10-17"
          },
          "sensitive_attributes": []
        }
      ]
    },
    {
      "module": "module.task_and_service.module.ecs_alb_service_task",
      "mode": "managed",
      "type": "aws_ecs_service",
      "name": "default",
      "provider": "provider[\"registry.terraform.io/hashicorp/aws\"]",
      "instances": [
        {
          "index_key": 0,
          "schema_version": 0,
          "attributes": {
            "alarms": [],
            "capacity_provider_strategy": [],
            "cluster": "arn:aws:ecs:us-west-1:763192996712:cluster/nexus-ecs-cluster",
            "deployment_circuit_breaker": [
              {
                "enable": false,
                "rollback": false
              }
            ],
            "deployment_controller": [
              {
                "type": "ECS"
              }
            ],
            "deployment_maximum_percent": 200,
            "deployment_minimum_healthy_percent": 100,
            "desired_count": 1,
            "enable_ecs_managed_tags": false,
            "enable_execute_command": true,
            "force_new_deployment": false,
            "health_check_grace_period_seconds": 300,
            "iam_role": "aws-service-role",
            "id": "arn:aws:ecs:us-west-1:763192996712:service/nexus-ecs-cluster/nexus-ecs-service",
            "launch_type": "FARGATE",
            "load_balancer": [
              {
                "container_name": "nexus-ecs-container",
                "container_port": 8081,
                "elb_name": "",
                "target_group_arn": "arn:aws:elasticloadbalancing:us-west-1:763192996712:targetgroup/tg-nexus/dec3be4c8bdcf28b"
              }
            ],
            "name": "nexus-ecs-service",
            "network_configuration": [
              {
                "assign_public_ip": true,
                "security_groups": [
                  "sg-0508371fcaa34eaa7"
                ],
                "subnets": [
                  "subnet-d271818a",
                  "subnet-dcda76b8"
                ]
              }
            ],
            "ordered_placement_strategy": [],
            "placement_constraints": [],
            "platform_version": "LATEST",
            "propagate_tags": "NONE",
            "scheduling_strategy": "REPLICA",
            "service_connect_configuration": [],
            "service_registries": [],
            "tags": {
              "Name": "nexus-ecs-service",
              "environment": "dev",
              "managed_by": "Terraform",
              "project_name": "nexus"
            },
            "tags_all": {
              "Name": "nexus-ecs-service",
              "environment": "dev",
              "managed_by": "Terraform",
              "project_name": "nexus"
            },
            "task_definition": "nexus-ecs-service:9",
            "timeouts": null,
            "triggers": {},
            "wait_for_steady_state": false
          },
          "sensitive_attributes": [],
          "private": "eyJlMmJmYjczMC1lY2FhLTExZTYtOGY4OC0zNDM2M2JjN2M0YzAiOnsiY3JlYXRlIjoxMjAwMDAwMDAwMDAwLCJkZWxldGUiOjEyMDAwMDAwMDAwMDAsInVwZGF0ZSI6MTIwMDAwMDAwMDAwMH19",
          "dependencies": [
            "module.alb.module.alb.aws_lb_target_group.main",
            "module.container_definition.module.cloudwatch_log_group.aws_cloudwatch_log_group.this",
            "module.ecs_cluster.module.ecs.aws_ecs_cluster.this",
            "module.efs.aws_efs_access_point.test",
            "module.efs.aws_efs_file_system.efs",
            "module.task_and_service.module.ecs_alb_service_task.aws_ecs_task_definition.default",
            "module.task_and_service.module.ecs_alb_service_task.aws_iam_role.ecs_exec",
            "module.task_and_service.module.ecs_alb_service_task.aws_iam_role.ecs_service",
            "module.task_and_service.module.ecs_alb_service_task.aws_iam_role.ecs_task",
            "module.task_and_service.module.ecs_alb_service_task.aws_security_group.ecs_service"
          ]
        }
      ]
    },
    {
      "module": "module.task_and_service.module.ecs_alb_service_task",
      "mode": "managed",
      "type": "aws_ecs_task_definition",
      "name": "default",
      "provider": "provider[\"registry.terraform.io/hashicorp/aws\"]",
      "instances": [
        {
          "index_key": 0,
          "schema_version": 1,
          "attributes": {
            "arn": "arn:aws:ecs:us-west-1:763192996712:task-definition/nexus-ecs-service:9",
            "container_definitions": "[{\"cpu\":0,\"environment\":[],\"essential\":true,\"image\":\"sonatype/nexus3\",\"logConfiguration\":{\"logDriver\":\"awslogs\",\"options\":{\"awslogs-group\":\"nexus-ecs-log-group\",\"awslogs-region\":\"us-west-1\",\"awslogs-stream-prefix\":\"nexus\"}},\"mountPoints\":[{\"containerPath\":\"/opt/sonatype/nexus-data\",\"readOnly\":false,\"sourceVolume\":\"nexus\"}],\"name\":\"nexus-ecs-container\",\"portMappings\":[{\"containerPort\":8081,\"hostPort\":8081,\"protocol\":\"tcp\"}],\"readonlyRootFilesystem\":false,\"volumesFrom\":[]}]",
            "cpu": "512",
            "ephemeral_storage": [],
            "execution_role_arn": "arn:aws:iam::763192996712:role/nexus-ecs-service-exec",
            "family": "nexus-ecs-service",
            "id": "nexus-ecs-service",
            "inference_accelerator": [],
            "ipc_mode": "",
            "memory": "4096",
            "network_mode": "awsvpc",
            "pid_mode": "",
            "placement_constraints": [],
            "proxy_configuration": [],
            "requires_compatibilities": [
              "FARGATE"
            ],
            "revision": 9,
            "runtime_platform": [],
            "skip_destroy": false,
            "tags": {
              "Name": "nexus-ecs-service",
              "environment": "dev",
              "managed_by": "Terraform",
              "project_name": "nexus"
            },
            "tags_all": {
              "Name": "nexus-ecs-service",
              "environment": "dev",
              "managed_by": "Terraform",
              "project_name": "nexus"
            },
            "task_role_arn": "arn:aws:iam::763192996712:role/nexus-ecs-service-task",
            "volume": [
              {
                "docker_volume_configuration": [],
                "efs_volume_configuration": [
                  {
                    "authorization_config": [
                      {
                        "access_point_id": "fsap-0fd1841da67f07dbe",
                        "iam": "ENABLED"
                      }
                    ],
                    "file_system_id": "fs-0e5039531ae91e500",
                    "root_directory": "/opt",
                    "transit_encryption": "ENABLED",
                    "transit_encryption_port": null
                  }
                ],
                "fsx_windows_file_server_volume_configuration": [],
                "host_path": "",
                "name": "nexus"
              }
            ]
          },
          "sensitive_attributes": [],
          "private": "eyJzY2hlbWFfdmVyc2lvbiI6IjEifQ==",
          "dependencies": [
            "module.container_definition.module.cloudwatch_log_group.aws_cloudwatch_log_group.this",
            "module.efs.aws_efs_access_point.test",
            "module.efs.aws_efs_file_system.efs",
            "module.task_and_service.module.ecs_alb_service_task.aws_iam_role.ecs_exec",
            "module.task_and_service.module.ecs_alb_service_task.aws_iam_role.ecs_task"
          ]
        }
      ]
    },
    {
      "module": "module.task_and_service.module.ecs_alb_service_task",
      "mode": "managed",
      "type": "aws_iam_role",
      "name": "ecs_exec",
      "provider": "provider[\"registry.terraform.io/hashicorp/aws\"]",
      "instances": [
        {
          "index_key": 0,
          "schema_version": 0,
          "attributes": {
            "arn": "arn:aws:iam::763192996712:role/nexus-ecs-service-exec",
            "assume_role_policy": "{\"Statement\":[{\"Action\":\"sts:AssumeRole\",\"Effect\":\"Allow\",\"Principal\":{\"Service\":\"ecs-tasks.amazonaws.com\"},\"Sid\":\"\"}],\"Version\":\"2012-10-17\"}",
            "create_date": "2023-01-22T18:54:13Z",
            "description": "",
            "force_detach_policies": false,
            "id": "nexus-ecs-service-exec",
            "inline_policy": [
              {
                "name": "nexus-ecs-service-exec",
                "policy": "{\"Version\":\"2012-10-17\",\"Statement\":[{\"Action\":[\"ssm:GetParameters\",\"logs:PutLogEvents\",\"logs:CreateLogStream\",\"logs:CreateLogGroup\",\"ecr:GetDownloadUrlForLayer\",\"ecr:GetAuthorizationToken\",\"ecr:BatchGetImage\",\"ecr:BatchCheckLayerAvailability\"],\"Effect\":\"Allow\",\"Resource\":\"*\",\"Sid\":\"\"}]}"
              }
            ],
            "managed_policy_arns": [],
            "max_session_duration": 3600,
            "name": "nexus-ecs-service-exec",
            "name_prefix": "",
            "path": "/",
            "permissions_boundary": null,
            "tags": {
              "Attributes": "exec",
              "Name": "nexus-ecs-service-exec",
              "environment": "dev",
              "managed_by": "Terraform",
              "project_name": "nexus"
            },
            "tags_all": {
              "Attributes": "exec",
              "Name": "nexus-ecs-service-exec",
              "environment": "dev",
              "managed_by": "Terraform",
              "project_name": "nexus"
            },
            "unique_id": "AROA3DMOY6NUEXQFAFBOX"
          },
          "sensitive_attributes": [],
          "private": "bnVsbA==",
          "dependencies": [
            "module.task_and_service.module.ecs_alb_service_task.data.aws_iam_policy_document.ecs_task_exec"
          ]
        }
      ]
    },
    {
      "module": "module.task_and_service.module.ecs_alb_service_task",
      "mode": "managed",
      "type": "aws_iam_role",
      "name": "ecs_task",
      "provider": "provider[\"registry.terraform.io/hashicorp/aws\"]",
      "instances": [
        {
          "index_key": 0,
          "schema_version": 0,
          "attributes": {
            "arn": "arn:aws:iam::763192996712:role/nexus-ecs-service-task",
            "assume_role_policy": "{\"Statement\":[{\"Action\":\"sts:AssumeRole\",\"Effect\":\"Allow\",\"Principal\":{\"Service\":\"ecs-tasks.amazonaws.com\"},\"Sid\":\"\"}],\"Version\":\"2012-10-17\"}",
            "create_date": "2023-01-22T18:54:13Z",
            "description": "",
            "force_detach_policies": false,
            "id": "nexus-ecs-service-task",
            "inline_policy": [
              {
                "name": "nexus-ecs-service-task",
                "policy": "{\"Version\":\"2012-10-17\",\"Statement\":[{\"Action\":[\"ssmmessages:OpenDataChannel\",\"ssmmessages:OpenControlChannel\",\"ssmmessages:CreateDataChannel\",\"ssmmessages:CreateControlChannel\"],\"Effect\":\"Allow\",\"Resource\":\"*\",\"Sid\":\"\"}]}"
              }
            ],
            "managed_policy_arns": [],
            "max_session_duration": 3600,
            "name": "nexus-ecs-service-task",
            "name_prefix": "",
            "path": "/",
            "permissions_boundary": null,
            "tags": {
              "Attributes": "task",
              "Name": "nexus-ecs-service-task",
              "environment": "dev",
              "managed_by": "Terraform",
              "project_name": "nexus"
            },
            "tags_all": {
              "Attributes": "task",
              "Name": "nexus-ecs-service-task",
              "environment": "dev",
              "managed_by": "Terraform",
              "project_name": "nexus"
            },
            "unique_id": "AROA3DMOY6NUHTAFFFOMZ"
          },
          "sensitive_attributes": [],
          "private": "bnVsbA==",
          "dependencies": [
            "module.task_and_service.module.ecs_alb_service_task.data.aws_iam_policy_document.ecs_task"
          ]
        }
      ]
    },
    {
      "module": "module.task_and_service.module.ecs_alb_service_task",
      "mode": "managed",
      "type": "aws_iam_role_policy",
      "name": "ecs_exec",
      "provider": "provider[\"registry.terraform.io/hashicorp/aws\"]",
      "instances": [
        {
          "index_key": "true",
          "schema_version": 0,
          "attributes": {
            "id": "nexus-ecs-service-exec:nexus-ecs-service-exec",
            "name": "nexus-ecs-service-exec",
            "name_prefix": null,
            "policy": "{\"Version\":\"2012-10-17\",\"Statement\":[{\"Action\":[\"ssm:GetParameters\",\"logs:PutLogEvents\",\"logs:CreateLogStream\",\"logs:CreateLogGroup\",\"ecr:GetDownloadUrlForLayer\",\"ecr:GetAuthorizationToken\",\"ecr:BatchGetImage\",\"ecr:BatchCheckLayerAvailability\"],\"Effect\":\"Allow\",\"Resource\":\"*\",\"Sid\":\"\"}]}",
            "role": "nexus-ecs-service-exec"
          },
          "sensitive_attributes": [],
          "private": "bnVsbA==",
          "dependencies": [
            "module.task_and_service.module.ecs_alb_service_task.aws_iam_role.ecs_exec",
            "module.task_and_service.module.ecs_alb_service_task.data.aws_iam_policy_document.ecs_exec",
            "module.task_and_service.module.ecs_alb_service_task.data.aws_iam_policy_document.ecs_task_exec"
          ]
        }
      ]
    },
    {
      "module": "module.task_and_service.module.ecs_alb_service_task",
      "mode": "managed",
      "type": "aws_iam_role_policy",
      "name": "ecs_ssm_exec",
      "provider": "provider[\"registry.terraform.io/hashicorp/aws\"]",
      "instances": [
        {
          "index_key": 0,
          "schema_version": 0,
          "attributes": {
            "id": "nexus-ecs-service-task:nexus-ecs-service-task",
            "name": "nexus-ecs-service-task",
            "name_prefix": null,
            "policy": "{\"Version\":\"2012-10-17\",\"Statement\":[{\"Action\":[\"ssmmessages:OpenDataChannel\",\"ssmmessages:OpenControlChannel\",\"ssmmessages:CreateDataChannel\",\"ssmmessages:CreateControlChannel\"],\"Effect\":\"Allow\",\"Resource\":\"*\",\"Sid\":\"\"}]}",
            "role": "nexus-ecs-service-task"
          },
          "sensitive_attributes": [],
          "private": "bnVsbA==",
          "dependencies": [
            "module.task_and_service.module.ecs_alb_service_task.aws_iam_role.ecs_task",
            "module.task_and_service.module.ecs_alb_service_task.data.aws_iam_policy_document.ecs_ssm_exec",
            "module.task_and_service.module.ecs_alb_service_task.data.aws_iam_policy_document.ecs_task"
          ]
        }
      ]
    },
    {
      "module": "module.task_and_service.module.ecs_alb_service_task",
      "mode": "managed",
      "type": "aws_iam_role_policy_attachment",
      "name": "ecs_exec",
      "provider": "provider[\"registry.terraform.io/hashicorp/aws\"]",
      "instances": [
        {
          "index_key": "arn:aws:iam::763192996712:policy/nexus-ecs-policy",
          "schema_version": 0,
          "attributes": {
            "id": "nexus-ecs-service-exec-20230122185657809900000002",
            "policy_arn": "arn:aws:iam::763192996712:policy/nexus-ecs-policy",
            "role": "nexus-ecs-service-exec"
          },
          "sensitive_attributes": [],
          "private": "bnVsbA==",
          "dependencies": [
            "module.task_and_service.aws_iam_policy.policy",
            "module.task_and_service.module.ecs_alb_service_task.aws_iam_role.ecs_exec"
          ]
        }
      ]
    },
    {
      "module": "module.task_and_service.module.ecs_alb_service_task",
      "mode": "managed",
      "type": "aws_iam_role_policy_attachment",
      "name": "ecs_task",
      "provider": "provider[\"registry.terraform.io/hashicorp/aws\"]",
      "instances": [
        {
          "index_key": "arn:aws:iam::763192996712:policy/nexus-ecs-policy",
          "schema_version": 0,
          "attributes": {
            "id": "nexus-ecs-service-task-20230122185657801300000001",
            "policy_arn": "arn:aws:iam::763192996712:policy/nexus-ecs-policy",
            "role": "nexus-ecs-service-task"
          },
          "sensitive_attributes": [],
          "private": "bnVsbA==",
          "dependencies": [
            "module.task_and_service.aws_iam_policy.policy",
            "module.task_and_service.module.ecs_alb_service_task.aws_iam_role.ecs_task"
          ]
        }
      ]
    },
    {
      "module": "module.task_and_service.module.ecs_alb_service_task",
      "mode": "managed",
      "type": "aws_security_group",
      "name": "ecs_service",
      "provider": "provider[\"registry.terraform.io/hashicorp/aws\"]",
      "instances": [
        {
          "index_key": 0,
          "schema_version": 1,
          "attributes": {
            "arn": "arn:aws:ec2:us-west-1:763192996712:security-group/sg-0508371fcaa34eaa7",
            "description": "Allow ALL egress from ECS service",
            "egress": [
              {
                "cidr_blocks": [
                  "0.0.0.0/0"
                ],
                "description": "Allow all outbound traffic to any IPv4 address",
                "from_port": 0,
                "ipv6_cidr_blocks": [],
                "prefix_list_ids": [],
                "protocol": "-1",
                "security_groups": [],
                "self": false,
                "to_port": 0
              }
            ],
            "id": "sg-0508371fcaa34eaa7",
            "ingress": [
              {
                "cidr_blocks": [],
                "description": "Allow inbound traffic from ALB",
                "from_port": 8081,
                "ipv6_cidr_blocks": [],
                "prefix_list_ids": [],
                "protocol": "tcp",
                "security_groups": [
                  "sg-0157eaf9d014bfa5b"
                ],
                "self": false,
                "to_port": 8081
              }
            ],
            "name": "nexus-ecs-service-service",
            "name_prefix": "",
            "owner_id": "763192996712",
            "revoke_rules_on_delete": false,
            "tags": {
              "Attributes": "service",
              "Name": "nexus-ecs-service-service",
              "environment": "dev",
              "managed_by": "Terraform",
              "project_name": "nexus"
            },
            "tags_all": {
              "Attributes": "service",
              "Name": "nexus-ecs-service-service",
              "environment": "dev",
              "managed_by": "Terraform",
              "project_name": "nexus"
            },
            "timeouts": null,
            "vpc_id": "vpc-16978f73"
          },
          "sensitive_attributes": [],
          "private": "eyJlMmJmYjczMC1lY2FhLTExZTYtOGY4OC0zNDM2M2JjN2M0YzAiOnsiY3JlYXRlIjo2MDAwMDAwMDAwMDAsImRlbGV0ZSI6OTAwMDAwMDAwMDAwfSwic2NoZW1hX3ZlcnNpb24iOiIxIn0=",
          "create_before_destroy": true
        }
      ]
    },
    {
      "module": "module.task_and_service.module.ecs_alb_service_task",
      "mode": "managed",
      "type": "aws_security_group_rule",
      "name": "alb",
      "provider": "provider[\"registry.terraform.io/hashicorp/aws\"]",
      "instances": [
        {
          "index_key": 0,
          "schema_version": 2,
          "attributes": {
            "cidr_blocks": null,
            "description": "Allow inbound traffic from ALB",
            "from_port": 8081,
            "id": "sgrule-1065434912",
            "ipv6_cidr_blocks": null,
            "prefix_list_ids": null,
            "protocol": "tcp",
            "security_group_id": "sg-0508371fcaa34eaa7",
            "security_group_rule_id": "sgr-048e8b6f14ed75206",
            "self": false,
            "source_security_group_id": "sg-0157eaf9d014bfa5b",
            "timeouts": null,
            "to_port": 8081,
            "type": "ingress"
          },
          "sensitive_attributes": [],
          "private": "eyJlMmJmYjczMC1lY2FhLTExZTYtOGY4OC0zNDM2M2JjN2M0YzAiOnsiY3JlYXRlIjozMDAwMDAwMDAwMDB9LCJzY2hlbWFfdmVyc2lvbiI6IjIifQ==",
          "dependencies": [
            "module.alb.module.alb_sg.aws_security_group.this",
            "module.alb.module.alb_sg.aws_security_group.this_name_prefix",
            "module.task_and_service.module.ecs_alb_service_task.aws_security_group.ecs_service"
          ]
        }
      ]
    },
    {
      "module": "module.task_and_service.module.ecs_alb_service_task",
      "mode": "managed",
      "type": "aws_security_group_rule",
      "name": "allow_all_egress",
      "provider": "provider[\"registry.terraform.io/hashicorp/aws\"]",
      "instances": [
        {
          "index_key": 0,
          "schema_version": 2,
          "attributes": {
            "cidr_blocks": [
              "0.0.0.0/0"
            ],
            "description": "Allow all outbound traffic to any IPv4 address",
            "from_port": 0,
            "id": "sgrule-1561145262",
            "ipv6_cidr_blocks": null,
            "prefix_list_ids": null,
            "protocol": "-1",
            "security_group_id": "sg-0508371fcaa34eaa7",
            "security_group_rule_id": "sgr-07dbbe736ac442269",
            "self": false,
            "source_security_group_id": null,
            "timeouts": null,
            "to_port": 0,
            "type": "egress"
          },
          "sensitive_attributes": [],
          "private": "eyJlMmJmYjczMC1lY2FhLTExZTYtOGY4OC0zNDM2M2JjN2M0YzAiOnsiY3JlYXRlIjozMDAwMDAwMDAwMDB9LCJzY2hlbWFfdmVyc2lvbiI6IjIifQ==",
          "dependencies": [
            "module.task_and_service.module.ecs_alb_service_task.aws_security_group.ecs_service"
          ]
        }
      ]
    },
    {
      "module": "module.task_and_service.module.ecs_cloudwatch_autoscaling",
      "mode": "managed",
      "type": "aws_appautoscaling_policy",
      "name": "down",
      "provider": "provider[\"registry.terraform.io/hashicorp/aws\"]",
      "instances": [
        {
          "index_key": 0,
          "schema_version": 0,
          "attributes": {
            "alarm_arns": [
              "arn:aws:cloudwatch:us-west-1:763192996712:alarm:biopace-scale-down-alarm"
            ],
            "arn": "arn:aws:autoscaling:us-west-1:763192996712:scalingPolicy:20ec0556-35bc-43dd-bc94-0490cb085bc8:resource/ecs/service/nexus-ecs-cluster/nexus-ecs-service:policyName/nexus-nexus-nexus-autoscaling-down",
            "id": "nexus-nexus-nexus-autoscaling-down",
            "name": "nexus-nexus-nexus-autoscaling-down",
            "policy_type": "StepScaling",
            "resource_id": "service/nexus-ecs-cluster/nexus-ecs-service",
            "scalable_dimension": "ecs:service:DesiredCount",
            "service_namespace": "ecs",
            "step_scaling_policy_configuration": [
              {
                "adjustment_type": "ChangeInCapacity",
                "cooldown": 300,
                "metric_aggregation_type": "Average",
                "min_adjustment_magnitude": 0,
                "step_adjustment": [
                  {
                    "metric_interval_lower_bound": "",
                    "metric_interval_upper_bound": "0",
                    "scaling_adjustment": -1
                  }
                ]
              }
            ],
            "target_tracking_scaling_policy_configuration": []
          },
          "sensitive_attributes": [],
          "private": "bnVsbA==",
          "dependencies": [
            "module.alb.module.alb.aws_lb_target_group.main",
            "module.container_definition.module.cloudwatch_log_group.aws_cloudwatch_log_group.this",
            "module.ecs_cluster.module.ecs.aws_ecs_cluster.this",
            "module.efs.aws_efs_access_point.test",
            "module.efs.aws_efs_file_system.efs",
            "module.task_and_service.module.ecs_alb_service_task.aws_ecs_service.default",
            "module.task_and_service.module.ecs_alb_service_task.aws_ecs_service.ignore_changes_desired_count",
            "module.task_and_service.module.ecs_alb_service_task.aws_ecs_service.ignore_changes_task_definition",
            "module.task_and_service.module.ecs_alb_service_task.aws_ecs_service.ignore_changes_task_definition_and_desired_count",
            "module.task_and_service.module.ecs_alb_service_task.aws_ecs_task_definition.default",
            "module.task_and_service.module.ecs_alb_service_task.aws_iam_role.ecs_exec",
            "module.task_and_service.module.ecs_alb_service_task.aws_iam_role.ecs_service",
            "module.task_and_service.module.ecs_alb_service_task.aws_iam_role.ecs_task",
            "module.task_and_service.module.ecs_alb_service_task.aws_security_group.ecs_service",
            "module.task_and_service.module.ecs_alb_service_task.data.aws_iam_policy_document.ecs_service",
            "module.task_and_service.module.ecs_alb_service_task.data.aws_iam_policy_document.ecs_task",
            "module.task_and_service.module.ecs_alb_service_task.data.aws_iam_policy_document.ecs_task_exec"
          ]
        }
      ]
    },
    {
      "module": "module.task_and_service.module.ecs_cloudwatch_autoscaling",
      "mode": "managed",
      "type": "aws_appautoscaling_policy",
      "name": "up",
      "provider": "provider[\"registry.terraform.io/hashicorp/aws\"]",
      "instances": [
        {
          "index_key": 0,
          "schema_version": 0,
          "attributes": {
            "alarm_arns": [
              "arn:aws:cloudwatch:us-west-1:763192996712:alarm:nexus-scale-up-alarm"
            ],
            "arn": "arn:aws:autoscaling:us-west-1:763192996712:scalingPolicy:20ec0556-35bc-43dd-bc94-0490cb085bc8:resource/ecs/service/nexus-ecs-cluster/nexus-ecs-service:policyName/nexus-nexus-nexus-autoscaling-up",
            "id": "nexus-nexus-nexus-autoscaling-up",
            "name": "nexus-nexus-nexus-autoscaling-up",
            "policy_type": "StepScaling",
            "resource_id": "service/nexus-ecs-cluster/nexus-ecs-service",
            "scalable_dimension": "ecs:service:DesiredCount",
            "service_namespace": "ecs",
            "step_scaling_policy_configuration": [
              {
                "adjustment_type": "ChangeInCapacity",
                "cooldown": 60,
                "metric_aggregation_type": "Average",
                "min_adjustment_magnitude": 0,
                "step_adjustment": [
                  {
                    "metric_interval_lower_bound": "0",
                    "metric_interval_upper_bound": "",
                    "scaling_adjustment": 1
                  }
                ]
              }
            ],
            "target_tracking_scaling_policy_configuration": []
          },
          "sensitive_attributes": [],
          "private": "bnVsbA==",
          "dependencies": [
            "module.alb.module.alb.aws_lb_target_group.main",
            "module.container_definition.module.cloudwatch_log_group.aws_cloudwatch_log_group.this",
            "module.ecs_cluster.module.ecs.aws_ecs_cluster.this",
            "module.efs.aws_efs_access_point.test",
            "module.efs.aws_efs_file_system.efs",
            "module.task_and_service.module.ecs_alb_service_task.aws_ecs_service.default",
            "module.task_and_service.module.ecs_alb_service_task.aws_ecs_service.ignore_changes_desired_count",
            "module.task_and_service.module.ecs_alb_service_task.aws_ecs_service.ignore_changes_task_definition",
            "module.task_and_service.module.ecs_alb_service_task.aws_ecs_service.ignore_changes_task_definition_and_desired_count",
            "module.task_and_service.module.ecs_alb_service_task.aws_ecs_task_definition.default",
            "module.task_and_service.module.ecs_alb_service_task.aws_iam_role.ecs_exec",
            "module.task_and_service.module.ecs_alb_service_task.aws_iam_role.ecs_service",
            "module.task_and_service.module.ecs_alb_service_task.aws_iam_role.ecs_task",
            "module.task_and_service.module.ecs_alb_service_task.aws_security_group.ecs_service",
            "module.task_and_service.module.ecs_alb_service_task.data.aws_iam_policy_document.ecs_service",
            "module.task_and_service.module.ecs_alb_service_task.data.aws_iam_policy_document.ecs_task",
            "module.task_and_service.module.ecs_alb_service_task.data.aws_iam_policy_document.ecs_task_exec"
          ]
        }
      ]
    },
    {
      "module": "module.task_and_service.module.ecs_cloudwatch_autoscaling",
      "mode": "managed",
      "type": "aws_appautoscaling_target",
      "name": "default",
      "provider": "provider[\"registry.terraform.io/hashicorp/aws\"]",
      "instances": [
        {
          "index_key": 0,
          "schema_version": 0,
          "attributes": {
            "id": "service/nexus-ecs-cluster/nexus-ecs-service",
            "max_capacity": 10,
            "min_capacity": 1,
            "resource_id": "service/nexus-ecs-cluster/nexus-ecs-service",
            "role_arn": "arn:aws:iam::763192996712:role/aws-service-role/ecs.application-autoscaling.amazonaws.com/AWSServiceRoleForApplicationAutoScaling_ECSService",
            "scalable_dimension": "ecs:service:DesiredCount",
            "service_namespace": "ecs"
          },
          "sensitive_attributes": [],
          "private": "bnVsbA==",
          "dependencies": [
            "module.alb.module.alb.aws_lb_target_group.main",
            "module.container_definition.module.cloudwatch_log_group.aws_cloudwatch_log_group.this",
            "module.ecs_cluster.module.ecs.aws_ecs_cluster.this",
            "module.efs.aws_efs_access_point.test",
            "module.efs.aws_efs_file_system.efs",
            "module.task_and_service.module.ecs_alb_service_task.aws_ecs_service.default",
            "module.task_and_service.module.ecs_alb_service_task.aws_ecs_service.ignore_changes_desired_count",
            "module.task_and_service.module.ecs_alb_service_task.aws_ecs_service.ignore_changes_task_definition",
            "module.task_and_service.module.ecs_alb_service_task.aws_ecs_service.ignore_changes_task_definition_and_desired_count",
            "module.task_and_service.module.ecs_alb_service_task.aws_ecs_task_definition.default",
            "module.task_and_service.module.ecs_alb_service_task.aws_iam_role.ecs_exec",
            "module.task_and_service.module.ecs_alb_service_task.aws_iam_role.ecs_service",
            "module.task_and_service.module.ecs_alb_service_task.aws_iam_role.ecs_task",
            "module.task_and_service.module.ecs_alb_service_task.aws_security_group.ecs_service",
            "module.task_and_service.module.ecs_alb_service_task.data.aws_iam_policy_document.ecs_service",
            "module.task_and_service.module.ecs_alb_service_task.data.aws_iam_policy_document.ecs_task",
            "module.task_and_service.module.ecs_alb_service_task.data.aws_iam_policy_document.ecs_task_exec"
          ]
        }
      ]
    }
  ],
  "check_results": null
}
